<?xml version="1.0" encoding="utf-8"?>
<Project ToolsVersion="4.0" xmlns="http://schemas.microsoft.com/developer/msbuild/2003">
  <ItemGroup>
    <Filter Include="Arquivos de Origem">
      <UniqueIdentifier>{4FC737F1-C7A5-4376-A066-2A32D752A2FF}</UniqueIdentifier>
      <Extensions>cpp;c;cc;cxx;c++;cppm;ixx;def;odl;idl;hpj;bat;asm;asmx</Extensions>
    </Filter>
    <Filter Include="Arquivos de Cabeçalho">
      <UniqueIdentifier>{93995380-89BD-4b04-88EB-625FBE52EBFB}</UniqueIdentifier>
      <Extensions>h;hh;hpp;hxx;h++;hm;inl;inc;ipp;xsd</Extensions>
    </Filter>
    <Filter Include="Arquivos de Recurso">
      <UniqueIdentifier>{67DA6AB6-F800-4c08-8B7A-83BB121AAD01}</UniqueIdentifier>
      <Extensions>rc;ico;cur;bmp;dlg;rc2;rct;bin;rgs;gif;jpg;jpeg;jpe;resx;tiff;tif;png;wav;mfcribbon-ms</Extensions>
    </Filter>
    <Filter Include="Types">
      <UniqueIdentifier>{f5fb6c97-993e-4dbf-a5c7-ad5e1c8d673c}</UniqueIdentifier>
    </Filter>
    <Filter Include="Types\Header Files">
      <UniqueIdentifier>{c23763d2-57af-4055-8411-584139291b57}</UniqueIdentifier>
    </Filter>
    <Filter Include="Types\Source Files">
      <UniqueIdentifier>{45e13782-8bda-4b0b-be15-cfe183251af4}</UniqueIdentifier>
    </Filter>
    <Filter Include="Pipeline">
      <UniqueIdentifier>{ab1dbf2b-bdb8-4026-a8e3-a6a53010a809}</UniqueIdentifier>
    </Filter>
    <Filter Include="Pipeline\Header Files">
      <UniqueIdentifier>{7b7dd8c1-bd70-49ee-964c-9809da31514d}</UniqueIdentifier>
    </Filter>
    <Filter Include="Pipeline\Source Files">
      <UniqueIdentifier>{db7cbdba-047e-4d12-975f-0fef6efd7858}</UniqueIdentifier>
    </Filter>
    <Filter Include="externals">
      <UniqueIdentifier>{c291adc2-8d5f-40ba-a295-80d077260d69}</UniqueIdentifier>
    </Filter>
    <Filter Include="externals\imgui">
      <UniqueIdentifier>{1368b653-279a-4154-b638-73e07d063e5a}</UniqueIdentifier>
    </Filter>
    <Filter Include="externals\imgui\backends">
      <UniqueIdentifier>{296c8072-17a4-456c-bee3-628bff67de86}</UniqueIdentifier>
    </Filter>
    <Filter Include="externals\stb_image">
      <UniqueIdentifier>{72df5497-8a79-4195-b607-1d7a633d91a3}</UniqueIdentifier>
    </Filter>
  </ItemGroup>
  <ItemGroup>
    <ClCompile Include="main.cpp">
      <Filter>Arquivos de Origem</Filter>
    </ClCompile>
    <ClCompile Include="math\math.cpp">
      <Filter>Arquivos de Origem</Filter>
    </ClCompile>
    <ClCompile Include="types\factories\objectFactory.cpp">
      <Filter>Arquivos de Origem</Filter>
    </ClCompile>
    <ClCompile Include="external\imgui\imgui.cpp">
      <Filter>externals\imgui</Filter>
    </ClCompile>
    <ClCompile Include="external\imgui\imgui_demo.cpp">
      <Filter>externals\imgui</Filter>
    </ClCompile>
    <ClCompile Include="external\imgui\imgui_draw.cpp">
      <Filter>externals\imgui</Filter>
    </ClCompile>
    <ClCompile Include="external\imgui\imgui_tables.cpp">
      <Filter>externals\imgui</Filter>
    </ClCompile>
    <ClCompile Include="external\imgui\imgui_widgets.cpp">
      <Filter>externals\imgui</Filter>
    </ClCompile>
    <ClCompile Include="external\imgui\backends\imgui_impl_sdl3.cpp">
      <Filter>externals\imgui\backends</Filter>
    </ClCompile>
    <ClCompile Include="external\imgui\backends\imgui_impl_sdlrenderer3.cpp">
      <Filter>externals\imgui\backends</Filter>
    </ClCompile>
    <ClCompile Include="types\mat.hpp">
      <Filter>Types\Header Files</Filter>
    </ClCompile>
    <ClCompile Include="types\camera.hpp">
      <Filter>Types\Header Files</Filter>
    </ClCompile>
    <ClCompile Include="types\object.cpp">
      <Filter>Types\Source Files</Filter>
    </ClCompile>
    <ClCompile Include="engine\pipeline\vertexStage.cpp">
      <Filter>Pipeline\Source Files</Filter>
    </ClCompile>
    <ClCompile Include="engine\pipeline\vertexShader.cpp">
      <Filter>Pipeline\Source Files</Filter>
    </ClCompile>
    <ClCompile Include="engine\renderer.cpp">
      <Filter>Pipeline\Source Files</Filter>
    </ClCompile>
    <ClCompile Include="engine\pipeline\rasterizer.cpp">
      <Filter>Pipeline\Source Files</Filter>
    </ClCompile>
    <ClCompile Include="engine\pipeline\fragmentShader.cpp">
      <Filter>Pipeline\Source Files</Filter>
    </ClCompile>
    <ClCompile Include="external\stb_image\stb_image.cpp">
      <Filter>externals\stb_image</Filter>
    </ClCompile>
    <ClCompile Include="types\texture.cpp">
      <Filter>Types\Source Files</Filter>
    </ClCompile>
    <ClCompile Include="engine\app.cpp">
      <Filter>Arquivos de Origem</Filter>
    </ClCompile>
    <ClCompile Include="types\scene.cpp">
      <Filter>Arquivos de Origem</Filter>
    </ClCompile>
    <ClCompile Include="types\gizmo.cpp">
      <Filter>Types\Source Files</Filter>
    </ClCompile>
  </ItemGroup>
  <ItemGroup>
    <ClInclude Include="math\math.hpp">
      <Filter>Arquivos de Cabeçalho</Filter>
    </ClInclude>
    <ClInclude Include="types\factories\objectFactory.hpp">
      <Filter>Arquivos de Cabeçalho</Filter>
    </ClInclude>
    <ClInclude Include="external\imgui\imconfig.h">
      <Filter>externals\imgui</Filter>
    </ClInclude>
    <ClInclude Include="external\imgui\imgui.h">
      <Filter>externals\imgui</Filter>
    </ClInclude>
    <ClInclude Include="external\imgui\imgui_internal.h">
      <Filter>externals\imgui</Filter>
    </ClInclude>
    <ClInclude Include="external\imgui\imstb_rectpack.h">
      <Filter>externals\imgui</Filter>
    </ClInclude>
    <ClInclude Include="external\imgui\imstb_textedit.h">
      <Filter>externals\imgui</Filter>
    </ClInclude>
    <ClInclude Include="external\imgui\imstb_truetype.h">
      <Filter>externals\imgui</Filter>
    </ClInclude>
    <ClInclude Include="external\imgui\backends\imgui_impl_sdl3.h">
      <Filter>externals\imgui\backends</Filter>
    </ClInclude>
    <ClInclude Include="external\imgui\backends\imgui_impl_sdlrenderer3.h">
      <Filter>externals\imgui\backends</Filter>
    </ClInclude>
    <ClInclude Include="types\vertex.hpp">
      <Filter>Types\Header Files</Filter>
    </ClInclude>
    <ClInclude Include="types\vec.hpp">
      <Filter>Types\Header Files</Filter>
    </ClInclude>
    <ClInclude Include="types\transform.hpp">
      <Filter>Types\Header Files</Filter>
    </ClInclude>
    <ClInclude Include="types\object.hpp">
      <Filter>Types\Header Files</Filter>
    </ClInclude>
    <ClInclude Include="types\mesh.hpp">
      <Filter>Types\Header Files</Filter>
    </ClInclude>
    <ClInclude Include="types\fragment.hpp">
      <Filter>Types\Header Files</Filter>
    </ClInclude>
    <ClInclude Include="types\context.hpp">
      <Filter>Types\Header Files</Filter>
    </ClInclude>
    <ClInclude Include="types\color.hpp">
      <Filter>Types\Header Files</Filter>
    </ClInclude>
    <ClInclude Include="engine\pipeline\vertexStage.hpp">
      <Filter>Pipeline\Header Files</Filter>
    </ClInclude>
    <ClInclude Include="engine\pipeline\vertexShader.hpp">
      <Filter>Pipeline\Header Files</Filter>
    </ClInclude>
    <ClInclude Include="engine\renderer.hpp">
      <Filter>Pipeline\Header Files</Filter>
    </ClInclude>
    <ClInclude Include="engine\pipeline\rasterizer.hpp">
      <Filter>Pipeline\Header Files</Filter>
    </ClInclude>
    <ClInclude Include="engine\pipeline\fragmentShader.hpp">
      <Filter>Pipeline\Header Files</Filter>
    </ClInclude>
    <ClInclude Include="external\stb_image\stb_image.h">
      <Filter>externals\stb_image</Filter>
    </ClInclude>
    <ClInclude Include="types\texture.hpp">
      <Filter>Types\Header Files</Filter>
    </ClInclude>
    <ClInclude Include="types\scene.hpp">
      <Filter>Types\Header Files</Filter>
    </ClInclude>
    <ClInclude Include="engine\app.hpp">
      <Filter>Arquivos de Cabeçalho</Filter>
    </ClInclude>
    <ClInclude Include="types\gizmo.hpp">
      <Filter>Types\Header Files</Filter>
    </ClInclude>
  </ItemGroup>
  <ItemGroup>
    <None Include="README.md">
      <Filter>Arquivos de Recurso</Filter>
    </None>
    <None Include="Patch_Notes.md">
      <Filter>Arquivos de Recurso</Filter>
    </None>
  </ItemGroup>
</Project>